
Microsoft Visual Studio Solution File, Format Version 12.00
# Visual Studio Version 16
VisualStudioVersion = 16.0.30503.244
MinimumVisualStudioVersion = 10.0.40219.1
Project("{FAE04EC0-301F-11D3-BF4B-00C04F79EFBC}") = "C_sharp Dictionary Cursova", "C_sharp Dictionary Cursova\C_sharp Dictionary Cursova.csproj", "{0BFB89F3-5DC2-42E9-B354-EEE5FA063142}"
EndProject
Global
	GlobalSection(SolutionConfigurationPlatforms) = preSolution
		Debug|Any CPU = Debug|Any CPU
		Release|Any CPU = Release|Any CPU
	EndGlobalSection
	GlobalSection(ProjectConfigurationPlatforms) = postSolution
		{0BFB89F3-5DC2-42E9-B354-EEE5FA063142}.Debug|Any CPU.ActiveCfg = Debug|Any CPU
		{0BFB89F3-5DC2-42E9-B354-EEE5FA063142}.Debug|Any CPU.Build.0 = Debug|Any CPU
		{0BFB89F3-5DC2-42E9-B354-EEE5FA063142}.Release|Any CPU.ActiveCfg = Release|Any CPU
		{0BFB89F3-5DC2-42E9-B354-EEE5FA063142}.Release|Any CPU.Build.0 = Release|Any CPU
	EndGlobalSection
	GlobalSection(SolutionProperties) = preSolution
		HideSolutionNode = FALSE
	EndGlobalSection
	GlobalSection(ExtensibilityGlobals) = postSolution
		SolutionGuid = {AB13CFC7-F49D-4985-A40C-FD4434427E29}
	EndGlobalSection
EndGlobal
